// !$*UTF8*$!
{
	archiveVersion = 1;
	classes = {
	};
	objectVersion = 56;
	objects = {

/* Begin PBXBuildFile section */
		71574CC329E4D67400B8125B /* ChatGPTAPI.swift in Sources */ = {isa = PBXBuildFile; fileRef = 71574CC229E4D67400B8125B /* ChatGPTAPI.swift */; };
		71574CC529E4E65A00B8125B /* ChatCompletion.swift in Sources */ = {isa = PBXBuildFile; fileRef = 71574CC429E4E65A00B8125B /* ChatCompletion.swift */; };
		71B3B3F129E3890A00DAF460 /* ChatGPTLApp.swift in Sources */ = {isa = PBXBuildFile; fileRef = 71B3B3F029E3890A00DAF460 /* ChatGPTLApp.swift */; };
		71B3B3F329E3890A00DAF460 /* ContentView.swift in Sources */ = {isa = PBXBuildFile; fileRef = 71B3B3F229E3890A00DAF460 /* ContentView.swift */; };
		71B3B3F529E3890C00DAF460 /* Assets.xcassets in Resources */ = {isa = PBXBuildFile; fileRef = 71B3B3F429E3890C00DAF460 /* Assets.xcassets */; };
		71B3B3F829E3890C00DAF460 /* Preview Assets.xcassets in Resources */ = {isa = PBXBuildFile; fileRef = 71B3B3F729E3890C00DAF460 /* Preview Assets.xcassets */; };
		71B3B40329E3890C00DAF460 /* ChatGPTLTests.swift in Sources */ = {isa = PBXBuildFile; fileRef = 71B3B40229E3890C00DAF460 /* ChatGPTLTests.swift */; };
		71B3B40D29E3890C00DAF460 /* ChatGPTLUITests.swift in Sources */ = {isa = PBXBuildFile; fileRef = 71B3B40C29E3890C00DAF460 /* ChatGPTLUITests.swift */; };
		71B3B40F29E3890C00DAF460 /* ChatGPTLUITestsLaunchTests.swift in Sources */ = {isa = PBXBuildFile; fileRef = 71B3B40E29E3890C00DAF460 /* ChatGPTLUITestsLaunchTests.swift */; };
		71B3B41C29E389C600DAF460 /* AppDelegate.swift in Sources */ = {isa = PBXBuildFile; fileRef = 71B3B41B29E389C600DAF460 /* AppDelegate.swift */; };
/* End PBXBuildFile section */

/* Begin PBXContainerItemProxy section */
		71B3B3FF29E3890C00DAF460 /* PBXContainerItemProxy */ = {
			isa = PBXContainerItemProxy;
			containerPortal = 71B3B3E529E3890A00DAF460 /* Project object */;
			proxyType = 1;
			remoteGlobalIDString = 71B3B3EC29E3890A00DAF460;
			remoteInfo = ChatGPTL;
		};
		71B3B40929E3890C00DAF460 /* PBXContainerItemProxy */ = {
			isa = PBXContainerItemProxy;
			containerPortal = 71B3B3E529E3890A00DAF460 /* Project object */;
			proxyType = 1;
			remoteGlobalIDString = 71B3B3EC29E3890A00DAF460;
			remoteInfo = ChatGPTL;
		};
/* End PBXContainerItemProxy section */

/* Begin PBXFileReference section */
		71574CC229E4D67400B8125B /* ChatGPTAPI.swift */ = {isa = PBXFileReference; lastKnownFileType = sourcecode.swift; path = ChatGPTAPI.swift; sourceTree = "<group>"; };
		71574CC429E4E65A00B8125B /* ChatCompletion.swift */ = {isa = PBXFileReference; lastKnownFileType = sourcecode.swift; path = ChatCompletion.swift; sourceTree = "<group>"; };
		71574CC829E4F00200B8125B /* MyConfig.xcconfig */ = {isa = PBXFileReference; lastKnownFileType = text.xcconfig; path = MyConfig.xcconfig; sourceTree = "<group>"; };
		71574CC929E4F15A00B8125B /* Info.plist */ = {isa = PBXFileReference; lastKnownFileType = text.plist; path = Info.plist; sourceTree = "<group>"; };
		71B3B3ED29E3890A00DAF460 /* ChatGPTL.app */ = {isa = PBXFileReference; explicitFileType = wrapper.application; includeInIndex = 0; path = ChatGPTL.app; sourceTree = BUILT_PRODUCTS_DIR; };
		71B3B3F029E3890A00DAF460 /* ChatGPTLApp.swift */ = {isa = PBXFileReference; lastKnownFileType = sourcecode.swift; path = ChatGPTLApp.swift; sourceTree = "<group>"; };
		71B3B3F229E3890A00DAF460 /* ContentView.swift */ = {isa = PBXFileReference; lastKnownFileType = sourcecode.swift; path = ContentView.swift; sourceTree = "<group>"; };
		71B3B3F429E3890C00DAF460 /* Assets.xcassets */ = {isa = PBXFileReference; lastKnownFileType = folder.assetcatalog; path = Assets.xcassets; sourceTree = "<group>"; };
		71B3B3F729E3890C00DAF460 /* Preview Assets.xcassets */ = {isa = PBXFileReference; lastKnownFileType = folder.assetcatalog; path = "Preview Assets.xcassets"; sourceTree = "<group>"; };
		71B3B3F929E3890C00DAF460 /* ChatGPTL.entitlements */ = {isa = PBXFileReference; lastKnownFileType = text.plist.entitlements; path = ChatGPTL.entitlements; sourceTree = "<group>"; };
		71B3B3FE29E3890C00DAF460 /* ChatGPTLTests.xctest */ = {isa = PBXFileReference; explicitFileType = wrapper.cfbundle; includeInIndex = 0; path = ChatGPTLTests.xctest; sourceTree = BUILT_PRODUCTS_DIR; };
		71B3B40229E3890C00DAF460 /* ChatGPTLTests.swift */ = {isa = PBXFileReference; lastKnownFileType = sourcecode.swift; path = ChatGPTLTests.swift; sourceTree = "<group>"; };
		71B3B40829E3890C00DAF460 /* ChatGPTLUITests.xctest */ = {isa = PBXFileReference; explicitFileType = wrapper.cfbundle; includeInIndex = 0; path = ChatGPTLUITests.xctest; sourceTree = BUILT_PRODUCTS_DIR; };
		71B3B40C29E3890C00DAF460 /* ChatGPTLUITests.swift */ = {isa = PBXFileReference; lastKnownFileType = sourcecode.swift; path = ChatGPTLUITests.swift; sourceTree = "<group>"; };
		71B3B40E29E3890C00DAF460 /* ChatGPTLUITestsLaunchTests.swift */ = {isa = PBXFileReference; lastKnownFileType = sourcecode.swift; path = ChatGPTLUITestsLaunchTests.swift; sourceTree = "<group>"; };
		71B3B41B29E389C600DAF460 /* AppDelegate.swift */ = {isa = PBXFileReference; lastKnownFileType = sourcecode.swift; path = AppDelegate.swift; sourceTree = "<group>"; };
/* End PBXFileReference section */

/* Begin PBXFrameworksBuildPhase section */
		71B3B3EA29E3890A00DAF460 /* Frameworks */ = {
			isa = PBXFrameworksBuildPhase;
			buildActionMask = 2147483647;
			files = (
			);
			runOnlyForDeploymentPostprocessing = 0;
		};
		71B3B3FB29E3890C00DAF460 /* Frameworks */ = {
			isa = PBXFrameworksBuildPhase;
			buildActionMask = 2147483647;
			files = (
			);
			runOnlyForDeploymentPostprocessing = 0;
		};
		71B3B40529E3890C00DAF460 /* Frameworks */ = {
			isa = PBXFrameworksBuildPhase;
			buildActionMask = 2147483647;
			files = (
			);
			runOnlyForDeploymentPostprocessing = 0;
		};
/* End PBXFrameworksBuildPhase section */

/* Begin PBXGroup section */
		71574CC629E4E66300B8125B /* model */ = {
			isa = PBXGroup;
			children = (
				71574CC429E4E65A00B8125B /* ChatCompletion.swift */,
			);
			path = model;
			sourceTree = "<group>";
		};
		71574CC729E4E66B00B8125B /* data */ = {
			isa = PBXGroup;
			children = (
				71574CC629E4E66300B8125B /* model */,
			);
			path = data;
			sourceTree = "<group>";
		};
		71B3B3E429E3890900DAF460 = {
			isa = PBXGroup;
			children = (
				71574CC829E4F00200B8125B /* MyConfig.xcconfig */,
				71B3B3EF29E3890A00DAF460 /* ChatGPTL */,
				71B3B40129E3890C00DAF460 /* ChatGPTLTests */,
				71B3B40B29E3890C00DAF460 /* ChatGPTLUITests */,
				71B3B3EE29E3890A00DAF460 /* Products */,
			);
			sourceTree = "<group>";
		};
		71B3B3EE29E3890A00DAF460 /* Products */ = {
			isa = PBXGroup;
			children = (
				71B3B3ED29E3890A00DAF460 /* ChatGPTL.app */,
				71B3B3FE29E3890C00DAF460 /* ChatGPTLTests.xctest */,
				71B3B40829E3890C00DAF460 /* ChatGPTLUITests.xctest */,
			);
			name = Products;
			sourceTree = "<group>";
		};
		71B3B3EF29E3890A00DAF460 /* ChatGPTL */ = {
			isa = PBXGroup;
			children = (
				71574CC929E4F15A00B8125B /* Info.plist */,
				71B3B3F029E3890A00DAF460 /* ChatGPTLApp.swift */,
				71B3B3F229E3890A00DAF460 /* ContentView.swift */,
				71B3B3F429E3890C00DAF460 /* Assets.xcassets */,
				71B3B3F929E3890C00DAF460 /* ChatGPTL.entitlements */,
				71B3B3F629E3890C00DAF460 /* Preview Content */,
				71B3B41B29E389C600DAF460 /* AppDelegate.swift */,
				71574CC229E4D67400B8125B /* ChatGPTAPI.swift */,
				71574CC729E4E66B00B8125B /* data */,
			);
			path = ChatGPTL;
			sourceTree = "<group>";
		};
		71B3B3F629E3890C00DAF460 /* Preview Content */ = {
			isa = PBXGroup;
			children = (
				71B3B3F729E3890C00DAF460 /* Preview Assets.xcassets */,
			);
			path = "Preview Content";
			sourceTree = "<group>";
		};
		71B3B40129E3890C00DAF460 /* ChatGPTLTests */ = {
			isa = PBXGroup;
			children = (
				71B3B40229E3890C00DAF460 /* ChatGPTLTests.swift */,
			);
			path = ChatGPTLTests;
			sourceTree = "<group>";
		};
		71B3B40B29E3890C00DAF460 /* ChatGPTLUITests */ = {
			isa = PBXGroup;
			children = (
				71B3B40C29E3890C00DAF460 /* ChatGPTLUITests.swift */,
				71B3B40E29E3890C00DAF460 /* ChatGPTLUITestsLaunchTests.swift */,
			);
			path = ChatGPTLUITests;
			sourceTree = "<group>";
		};
/* End PBXGroup section */

/* Begin PBXNativeTarget section */
		71B3B3EC29E3890A00DAF460 /* ChatGPTL */ = {
			isa = PBXNativeTarget;
			buildConfigurationList = 71B3B41229E3890C00DAF460 /* Build configuration list for PBXNativeTarget "ChatGPTL" */;
			buildPhases = (
				71B3B3E929E3890A00DAF460 /* Sources */,
				71B3B3EA29E3890A00DAF460 /* Frameworks */,
				71B3B3EB29E3890A00DAF460 /* Resources */,
			);
			buildRules = (
			);
			dependencies = (
			);
			name = ChatGPTL;
			productName = ChatGPTL;
			productReference = 71B3B3ED29E3890A00DAF460 /* ChatGPTL.app */;
			productType = "com.apple.product-type.application";
		};
		71B3B3FD29E3890C00DAF460 /* ChatGPTLTests */ = {
			isa = PBXNativeTarget;
			buildConfigurationList = 71B3B41529E3890C00DAF460 /* Build configuration list for PBXNativeTarget "ChatGPTLTests" */;
			buildPhases = (
				71B3B3FA29E3890C00DAF460 /* Sources */,
				71B3B3FB29E3890C00DAF460 /* Frameworks */,
				71B3B3FC29E3890C00DAF460 /* Resources */,
			);
			buildRules = (
			);
			dependencies = (
				71B3B40029E3890C00DAF460 /* PBXTargetDependency */,
			);
			name = ChatGPTLTests;
			productName = ChatGPTLTests;
			productReference = 71B3B3FE29E3890C00DAF460 /* ChatGPTLTests.xctest */;
			productType = "com.apple.product-type.bundle.unit-test";
		};
		71B3B40729E3890C00DAF460 /* ChatGPTLUITests */ = {
			isa = PBXNativeTarget;
			buildConfigurationList = 71B3B41829E3890C00DAF460 /* Build configuration list for PBXNativeTarget "ChatGPTLUITests" */;
			buildPhases = (
				71B3B40429E3890C00DAF460 /* Sources */,
				71B3B40529E3890C00DAF460 /* Frameworks */,
				71B3B40629E3890C00DAF460 /* Resources */,
			);
			buildRules = (
			);
			dependencies = (
				71B3B40A29E3890C00DAF460 /* PBXTargetDependency */,
			);
			name = ChatGPTLUITests;
			productName = ChatGPTLUITests;
			productReference = 71B3B40829E3890C00DAF460 /* ChatGPTLUITests.xctest */;
			productType = "com.apple.product-type.bundle.ui-testing";
		};
/* End PBXNativeTarget section */

/* Begin PBXProject section */
		71B3B3E529E3890A00DAF460 /* Project object */ = {
			isa = PBXProject;
			attributes = {
				BuildIndependentTargetsInParallel = 1;
				LastSwiftUpdateCheck = 1400;
				LastUpgradeCheck = 1400;
				TargetAttributes = {
					71B3B3EC29E3890A00DAF460 = {
						CreatedOnToolsVersion = 14.0.1;
					};
					71B3B3FD29E3890C00DAF460 = {
						CreatedOnToolsVersion = 14.0.1;
						TestTargetID = 71B3B3EC29E3890A00DAF460;
					};
					71B3B40729E3890C00DAF460 = {
						CreatedOnToolsVersion = 14.0.1;
						TestTargetID = 71B3B3EC29E3890A00DAF460;
					};
				};
			};
			buildConfigurationList = 71B3B3E829E3890A00DAF460 /* Build configuration list for PBXProject "ChatGPTL" */;
			compatibilityVersion = "Xcode 14.0";
			developmentRegion = en;
			hasScannedForEncodings = 0;
			knownRegions = (
				en,
				Base,
			);
			mainGroup = 71B3B3E429E3890900DAF460;
			productRefGroup = 71B3B3EE29E3890A00DAF460 /* Products */;
			projectDirPath = "";
			projectRoot = "";
			targets = (
				71B3B3EC29E3890A00DAF460 /* ChatGPTL */,
				71B3B3FD29E3890C00DAF460 /* ChatGPTLTests */,
				71B3B40729E3890C00DAF460 /* ChatGPTLUITests */,
			);
		};
/* End PBXProject section */

/* Begin PBXResourcesBuildPhase section */
		71B3B3EB29E3890A00DAF460 /* Resources */ = {
			isa = PBXResourcesBuildPhase;
			buildActionMask = 2147483647;
			files = (
				71B3B3F829E3890C00DAF460 /* Preview Assets.xcassets in Resources */,
				71B3B3F529E3890C00DAF460 /* Assets.xcassets in Resources */,
			);
			runOnlyForDeploymentPostprocessing = 0;
		};
		71B3B3FC29E3890C00DAF460 /* Resources */ = {
			isa = PBXResourcesBuildPhase;
			buildActionMask = 2147483647;
			files = (
			);
			runOnlyForDeploymentPostprocessing = 0;
		};
		71B3B40629E3890C00DAF460 /* Resources */ = {
			isa = PBXResourcesBuildPhase;
			buildActionMask = 2147483647;
			files = (
			);
			runOnlyForDeploymentPostprocessing = 0;
		};
/* End PBXResourcesBuildPhase section */

/* Begin PBXSourcesBuildPhase section */
		71B3B3E929E3890A00DAF460 /* Sources */ = {
			isa = PBXSourcesBuildPhase;
			buildActionMask = 2147483647;
			files = (
				71574CC529E4E65A00B8125B /* ChatCompletion.swift in Sources */,
				71574CC329E4D67400B8125B /* ChatGPTAPI.swift in Sources */,
				71B3B41C29E389C600DAF460 /* AppDelegate.swift in Sources */,
				71B3B3F329E3890A00DAF460 /* ContentView.swift in Sources */,
				71B3B3F129E3890A00DAF460 /* ChatGPTLApp.swift in Sources */,
			);
			runOnlyForDeploymentPostprocessing = 0;
		};
		71B3B3FA29E3890C00DAF460 /* Sources */ = {
			isa = PBXSourcesBuildPhase;
			buildActionMask = 2147483647;
			files = (
				71B3B40329E3890C00DAF460 /* ChatGPTLTests.swift in Sources */,
			);
			runOnlyForDeploymentPostprocessing = 0;
		};
		71B3B40429E3890C00DAF460 /* Sources */ = {
			isa = PBXSourcesBuildPhase;
			buildActionMask = 2147483647;
			files = (
				71B3B40F29E3890C00DAF460 /* ChatGPTLUITestsLaunchTests.swift in Sources */,
				71B3B40D29E3890C00DAF460 /* ChatGPTLUITests.swift in Sources */,
			);
			runOnlyForDeploymentPostprocessing = 0;
		};
/* End PBXSourcesBuildPhase section */

/* Begin PBXTargetDependency section */
		71B3B40029E3890C00DAF460 /* PBXTargetDependency */ = {
			isa = PBXTargetDependency;
			target = 71B3B3EC29E3890A00DAF460 /* ChatGPTL */;
			targetProxy = 71B3B3FF29E3890C00DAF460 /* PBXContainerItemProxy */;
		};
		71B3B40A29E3890C00DAF460 /* PBXTargetDependency */ = {
			isa = PBXTargetDependency;
			target = 71B3B3EC29E3890A00DAF460 /* ChatGPTL */;
			targetProxy = 71B3B40929E3890C00DAF460 /* PBXContainerItemProxy */;
		};
/* End PBXTargetDependency section */

/* Begin XCBuildConfiguration section */
		71B3B41029E3890C00DAF460 /* Debug */ = {
			isa = XCBuildConfiguration;
			baseConfigurationReference = 71574CC829E4F00200B8125B /* MyConfig.xcconfig */;
			buildSettings = {
				ALWAYS_SEARCH_USER_PATHS = NO;
				CLANG_ANALYZER_NONNULL = YES;
				CLANG_ANALYZER_NUMBER_OBJECT_CONVERSION = YES_AGGRESSIVE;
				CLANG_CXX_LANGUAGE_STANDARD = "gnu++20";
				CLANG_ENABLE_MODULES = YES;
				CLANG_ENABLE_OBJC_ARC = YES;
				CLANG_ENABLE_OBJC_WEAK = YES;
				CLANG_WARN_BLOCK_CAPTURE_AUTORELEASING = YES;
				CLANG_WARN_BOOL_CONVERSION = YES;
				CLANG_WARN_COMMA = YES;
				CLANG_WARN_CONSTANT_CONVERSION = YES;
				CLANG_WARN_DEPRECATED_OBJC_IMPLEMENTATIONS = YES;
				CLANG_WARN_DIRECT_OBJC_ISA_USAGE = YES_ERROR;
				CLANG_WARN_DOCUMENTATION_COMMENTS = YES;
				CLANG_WARN_EMPTY_BODY = YES;
				CLANG_WARN_ENUM_CONVERSION = YES;
				CLANG_WARN_INFINITE_RECURSION = YES;
				CLANG_WARN_INT_CONVERSION = YES;
				CLANG_WARN_NON_LITERAL_NULL_CONVERSION = YES;
				CLANG_WARN_OBJC_IMPLICIT_RETAIN_SELF = YES;
				CLANG_WARN_OBJC_LITERAL_CONVERSION = YES;
				CLANG_WARN_OBJC_ROOT_CLASS = YES_ERROR;
				CLANG_WARN_QUOTED_INCLUDE_IN_FRAMEWORK_HEADER = YES;
				CLANG_WARN_RANGE_LOOP_ANALYSIS = YES;
				CLANG_WARN_STRICT_PROTOTYPES = YES;
				CLANG_WARN_SUSPICIOUS_MOVE = YES;
				CLANG_WARN_UNGUARDED_AVAILABILITY = YES_AGGRESSIVE;
				CLANG_WARN_UNREACHABLE_CODE = YES;
				CLANG_WARN__DUPLICATE_METHOD_MATCH = YES;
				COPY_PHASE_STRIP = NO;
				DEBUG_INFORMATION_FORMAT = dwarf;
				ENABLE_STRICT_OBJC_MSGSEND = YES;
				ENABLE_TESTABILITY = YES;
				GCC_C_LANGUAGE_STANDARD = gnu11;
				GCC_DYNAMIC_NO_PIC = NO;
				GCC_NO_COMMON_BLOCKS = YES;
				GCC_OPTIMIZATION_LEVEL = 0;
				GCC_PREPROCESSOR_DEFINITIONS = (
					"DEBUG=1",
					"$(inherited)",
				);
				GCC_WARN_64_TO_32_BIT_CONVERSION = YES;
				GCC_WARN_ABOUT_RETURN_TYPE = YES_ERROR;
				GCC_WARN_UNDECLARED_SELECTOR = YES;
				GCC_WARN_UNINITIALIZED_AUTOS = YES_AGGRESSIVE;
				GCC_WARN_UNUSED_FUNCTION = YES;
				GCC_WARN_UNUSED_VARIABLE = YES;
				MACOSX_DEPLOYMENT_TARGET = 12.3;
				MTL_ENABLE_DEBUG_INFO = INCLUDE_SOURCE;
				MTL_FAST_MATH = YES;
				ONLY_ACTIVE_ARCH = YES;
				SDKROOT = macosx;
				SWIFT_ACTIVE_COMPILATION_CONDITIONS = DEBUG;
				SWIFT_OPTIMIZATION_LEVEL = "-Onone";
			};
			name = Debug;
		};
		71B3B41129E3890C00DAF460 /* Release */ = {
			isa = XCBuildConfiguration;
			buildSettings = {
				ALWAYS_SEARCH_USER_PATHS = NO;
				CLANG_ANALYZER_NONNULL = YES;
				CLANG_ANALYZER_NUMBER_OBJECT_CONVERSION = YES_AGGRESSIVE;
				CLANG_CXX_LANGUAGE_STANDARD = "gnu++20";
				CLANG_ENABLE_MODULES = YES;
				CLANG_ENABLE_OBJC_ARC = YES;
				CLANG_ENABLE_OBJC_WEAK = YES;
				CLANG_WARN_BLOCK_CAPTURE_AUTORELEASING = YES;
				CLANG_WARN_BOOL_CONVERSION = YES;
				CLANG_WARN_COMMA = YES;
				CLANG_WARN_CONSTANT_CONVERSION = YES;
				CLANG_WARN_DEPRECATED_OBJC_IMPLEMENTATIONS = YES;
				CLANG_WARN_DIRECT_OBJC_ISA_USAGE = YES_ERROR;
				CLANG_WARN_DOCUMENTATION_COMMENTS = YES;
				CLANG_WARN_EMPTY_BODY = YES;
				CLANG_WARN_ENUM_CONVERSION = YES;
				CLANG_WARN_INFINITE_RECURSION = YES;
				CLANG_WARN_INT_CONVERSION = YES;
				CLANG_WARN_NON_LITERAL_NULL_CONVERSION = YES;
				CLANG_WARN_OBJC_IMPLICIT_RETAIN_SELF = YES;
				CLANG_WARN_OBJC_LITERAL_CONVERSION = YES;
				CLANG_WARN_OBJC_ROOT_CLASS = YES_ERROR;
				CLANG_WARN_QUOTED_INCLUDE_IN_FRAMEWORK_HEADER = YES;
				CLANG_WARN_RANGE_LOOP_ANALYSIS = YES;
				CLANG_WARN_STRICT_PROTOTYPES = YES;
				CLANG_WARN_SUSPICIOUS_MOVE = YES;
				CLANG_WARN_UNGUARDED_AVAILABILITY = YES_AGGRESSIVE;
				CLANG_WARN_UNREACHABLE_CODE = YES;
				CLANG_WARN__DUPLICATE_METHOD_MATCH = YES;
				COPY_PHASE_STRIP = NO;
				DEBUG_INFORMATION_FORMAT = "dwarf-with-dsym";
				ENABLE_NS_ASSERTIONS = NO;
				ENABLE_STRICT_OBJC_MSGSEND = YES;
				GCC_C_LANGUAGE_STANDARD = gnu11;
				GCC_NO_COMMON_BLOCKS = YES;
				GCC_WARN_64_TO_32_BIT_CONVERSION = YES;
				GCC_WARN_ABOUT_RETURN_TYPE = YES_ERROR;
				GCC_WARN_UNDECLARED_SELECTOR = YES;
				GCC_WARN_UNINITIALIZED_AUTOS = YES_AGGRESSIVE;
				GCC_WARN_UNUSED_FUNCTION = YES;
				GCC_WARN_UNUSED_VARIABLE = YES;
				MACOSX_DEPLOYMENT_TARGET = 12.3;
				MTL_ENABLE_DEBUG_INFO = NO;
				MTL_FAST_MATH = YES;
				SDKROOT = macosx;
				SWIFT_COMPILATION_MODE = wholemodule;
				SWIFT_OPTIMIZATION_LEVEL = "-O";
			};
			name = Release;
		};
		71B3B41329E3890C00DAF460 /* Debug */ = {
			isa = XCBuildConfiguration;
			buildSettings = {
				ASSETCATALOG_COMPILER_APPICON_NAME = AppIcon;
				ASSETCATALOG_COMPILER_GLOBAL_ACCENT_COLOR_NAME = AccentColor;
				CODE_SIGN_ENTITLEMENTS = ChatGPTL/ChatGPTL.entitlements;
				CODE_SIGN_STYLE = Automatic;
				COMBINE_HIDPI_IMAGES = YES;
				CURRENT_PROJECT_VERSION = 1;
				DEVELOPMENT_ASSET_PATHS = "\"ChatGPTL/Preview Content\"";
				ENABLE_PREVIEWS = YES;
				GENERATE_INFOPLIST_FILE = YES;
				INFOPLIST_FILE = ChatGPTL/Info.plist;
				INFOPLIST_KEY_NSHumanReadableCopyright = "";
				LD_RUNPATH_SEARCH_PATHS = (
					"$(inherited)",
					"@executable_path/../Frameworks",
				);
				MARKETING_VERSION = 1.0;
				PRODUCT_BUNDLE_IDENTIFIER = net.kwmt27.ChatGPTL;
				PRODUCT_NAME = "$(TARGET_NAME)";
				SWIFT_EMIT_LOC_STRINGS = YES;
				SWIFT_VERSION = 5.0;
			};
			name = Debug;
		};
		71B3B41429E3890C00DAF460 /* Release */ = {
			isa = XCBuildConfiguration;
			buildSettings = {
				ASSETCATALOG_COMPILER_APPICON_NAME = AppIcon;
				ASSETCATALOG_COMPILER_GLOBAL_ACCENT_COLOR_NAME = AccentColor;
				CODE_SIGN_ENTITLEMENTS = ChatGPTL/ChatGPTL.entitlements;
				CODE_SIGN_STYLE = Automatic;
				COMBINE_HIDPI_IMAGES = YES;
				CURRENT_PROJECT_VERSION = 1;
				DEVELOPMENT_ASSET_PATHS = "\"ChatGPTL/Preview Content\"";
				ENABLE_PREVIEWS = YES;
				GENERATE_INFOPLIST_FILE = YES;
				INFOPLIST_FILE = ChatGPTL/Info.plist;
				INFOPLIST_KEY_NSHumanReadableCopyright = "";
				LD_RUNPATH_SEARCH_PATHS = (
					"$(inherited)",
					"@executable_path/../Frameworks",
				);
				MARKETING_VERSION = 1.0;
				PRODUCT_BUNDLE_IDENTIFIER = net.kwmt27.ChatGPTL;
				PRODUCT_NAME = "$(TARGET_NAME)";
				SWIFT_EMIT_LOC_STRINGS = YES;
				SWIFT_VERSION = 5.0;
			};
			name = Release;
		};
		71B3B41629E3890C00DAF460 /* Debug */ = {
			isa = XCBuildConfiguration;
			buildSettings = {
				ALWAYS_EMBED_SWIFT_STANDARD_LIBRARIES = YES;
				BUNDLE_LOADER = "$(TEST_HOST)";
				CODE_SIGN_STYLE = Automatic;
				CURRENT_PROJECT_VERSION = 1;
				GENERATE_INFOPLIST_FILE = YES;
				MACOSX_DEPLOYMENT_TARGET = 12.3;
				MARKETING_VERSION = 1.0;
				PRODUCT_BUNDLE_IDENTIFIER = net.kwmt27.ChatGPTLTests;
				PRODUCT_NAME = "$(TARGET_NAME)";
				SWIFT_EMIT_LOC_STRINGS = NO;
				SWIFT_VERSION = 5.0;
				TEST_HOST = "$(BUILT_PRODUCTS_DIR)/ChatGPTL.app/$(BUNDLE_EXECUTABLE_FOLDER_PATH)/ChatGPTL";
			};
			name = Debug;
		};
		71B3B41729E3890C00DAF460 /* Release */ = {
			isa = XCBuildConfiguration;
			buildSettings = {
				ALWAYS_EMBED_SWIFT_STANDARD_LIBRARIES = YES;
				BUNDLE_LOADER = "$(TEST_HOST)";
				CODE_SIGN_STYLE = Automatic;
				CURRENT_PROJECT_VERSION = 1;
				GENERATE_INFOPLIST_FILE = YES;
				MACOSX_DEPLOYMENT_TARGET = 12.3;
				MARKETING_VERSION = 1.0;
				PRODUCT_BUNDLE_IDENTIFIER = net.kwmt27.ChatGPTLTests;
				PRODUCT_NAME = "$(TARGET_NAME)";
				SWIFT_EMIT_LOC_STRINGS = NO;
				SWIFT_VERSION = 5.0;
				TEST_HOST = "$(BUILT_PRODUCTS_DIR)/ChatGPTL.app/$(BUNDLE_EXECUTABLE_FOLDER_PATH)/ChatGPTL";
			};
			name = Release;
		};
		71B3B41929E3890C00DAF460 /* Debug */ = {
			isa = XCBuildConfiguration;
			buildSettings = {
				ALWAYS_EMBED_SWIFT_STANDARD_LIBRARIES = YES;
				CODE_SIGN_STYLE = Automatic;
				CURRENT_PROJECT_VERSION = 1;
				GENERATE_INFOPLIST_FILE = YES;
				MARKETING_VERSION = 1.0;
				PRODUCT_BUNDLE_IDENTIFIER = net.kwmt27.ChatGPTLUITests;
				PRODUCT_NAME = "$(TARGET_NAME)";
				SWIFT_EMIT_LOC_STRINGS = NO;
				SWIFT_VERSION = 5.0;
				TEST_TARGET_NAME = ChatGPTL;
			};
			name = Debug;
		};
		71B3B41A29E3890C00DAF460 /* Release */ = {
			isa = XCBuildConfiguration;
			buildSettings = {
				ALWAYS_EMBED_SWIFT_STANDARD_LIBRARIES = YES;
				CODE_SIGN_STYLE = Automatic;
				CURRENT_PROJECT_VERSION = 1;
				GENERATE_INFOPLIST_FILE = YES;
				MARKETING_VERSION = 1.0;
				PRODUCT_BUNDLE_IDENTIFIER = net.kwmt27.ChatGPTLUITests;
				PRODUCT_NAME = "$(TARGET_NAME)";
				SWIFT_EMIT_LOC_STRINGS = NO;
				SWIFT_VERSION = 5.0;
				TEST_TARGET_NAME = ChatGPTL;
			};
			name = Release;
		};
/* End XCBuildConfiguration section */

/* Begin XCConfigurationList section */
		71B3B3E829E3890A00DAF460 /* Build configuration list for PBXProject "ChatGPTL" */ = {
			isa = XCConfigurationList;
			buildConfigurations = (
				71B3B41029E3890C00DAF460 /* Debug */,
				71B3B41129E3890C00DAF460 /* Release */,
			);
			defaultConfigurationIsVisible = 0;
			defaultConfigurationName = Release;
		};
		71B3B41229E3890C00DAF460 /* Build configuration list for PBXNativeTarget "ChatGPTL" */ = {
			isa = XCConfigurationList;
			buildConfigurations = (
				71B3B41329E3890C00DAF460 /* Debug */,
				71B3B41429E3890C00DAF460 /* Release */,
			);
			defaultConfigurationIsVisible = 0;
			defaultConfigurationName = Release;
		};
		71B3B41529E3890C00DAF460 /* Build configuration list for PBXNativeTarget "ChatGPTLTests" */ = {
			isa = XCConfigurationList;
			buildConfigurations = (
				71B3B41629E3890C00DAF460 /* Debug */,
				71B3B41729E3890C00DAF460 /* Release */,
			);
			defaultConfigurationIsVisible = 0;
			defaultConfigurationName = Release;
		};
		71B3B41829E3890C00DAF460 /* Build configuration list for PBXNativeTarget "ChatGPTLUITests" */ = {
			isa = XCConfigurationList;
			buildConfigurations = (
				71B3B41929E3890C00DAF460 /* Debug */,
				71B3B41A29E3890C00DAF460 /* Release */,
			);
			defaultConfigurationIsVisible = 0;
			defaultConfigurationName = Release;
		};
/* End XCConfigurationList section */
	};
	rootObject = 71B3B3E529E3890A00DAF460 /* Project object */;
}
